# This file is automatically @generated by Cargo.
# It is not intended for manual editing.
version = 4

[[package]]
name = "fe-compression"
version = "0.1.0"

[[package]]
name = "fe-gfx"
version = "0.1.0"

[[package]]
name = "fe-map"
version = "0.1.0"

[[package]]
name = "fe-nmm"
version = "0.1.0"

[[package]]
name = "fe-rom"
version = "0.1.0"

[[package]]
name = "fe-text"
version = "0.1.0"

[[package]]
name = "fe-tui"
version = "0.1.0"
